
Microsoft Visual Studio Solution File, Format Version 12.00
# Visual Studio Version 17
VisualStudioVersion = 17.0.32014.148
MinimumVisualStudioVersion = 10.0.40219.1
Project("{FAE04EC0-301F-11D3-BF4B-00C04F79EFBC}") = "001_HelloWorld", "001_HelloWorld\001_HelloWorld.csproj", "{E90BF536-0066-4FE7-9583-8029EFEEFB2A}"
EndProject
Project("{FAE04EC0-301F-11D3-BF4B-00C04F79EFBC}") = "002_HelloWorld2", "002_HelloWorld2\002_HelloWorld2.csproj", "{F3836B46-753D-4843-9B64-51F44F4F2AEB}"
EndProject
Project("{FAE04EC0-301F-11D3-BF4B-00C04F79EFBC}") = "003_HelloWorld3", "003_HelloWorld3\003_HelloWorld3.csproj", "{89B08AE1-84F9-429A-859F-196E76C0584B}"
EndProject
Project("{FAE04EC0-301F-11D3-BF4B-00C04F79EFBC}") = "004_Check", "004_Check\004_Check.csproj", "{4B03AE1B-51D3-40DD-A77B-9F985B644BB3}"
EndProject
Project("{FAE04EC0-301F-11D3-BF4B-00C04F79EFBC}") = "005_Check", "005_Check\005_Check.csproj", "{8C63BA4F-FF65-4741-BB14-EA1FC088AD83}"
EndProject
Project("{FAE04EC0-301F-11D3-BF4B-00C04F79EFBC}") = "007_Variable2", "007_Variable2\007_Variable2.csproj", "{760C2E21-140B-4D9A-992F-0F40AFCC5285}"
EndProject
Project("{FAE04EC0-301F-11D3-BF4B-00C04F79EFBC}") = "008_Data1", "008_Data1\008_Data1.csproj", "{1D8DC64E-7F5F-495E-9660-116A3D81343C}"
EndProject
Project("{FAE04EC0-301F-11D3-BF4B-00C04F79EFBC}") = "009_Data2", "009_Data2\009_Data2.csproj", "{1342D9BA-E1EC-4E18-905F-66235F034495}"
EndProject
Project("{FAE04EC0-301F-11D3-BF4B-00C04F79EFBC}") = "010_Data3", "010_Data3\010_Data3.csproj", "{D3B6F36C-52DE-42A9-8C9B-A833D829DC2C}"
EndProject
Project("{FAE04EC0-301F-11D3-BF4B-00C04F79EFBC}") = "011_Data4", "011_Data4\011_Data4.csproj", "{E8C619F8-A7E1-4E72-968E-7A15419E4AA8}"
EndProject
Project("{FAE04EC0-301F-11D3-BF4B-00C04F79EFBC}") = "015_Data8", "015_Data8\015_Data8.csproj", "{50331245-B0A0-492D-B500-2BF8C0BC74A4}"
EndProject
Project("{FAE04EC0-301F-11D3-BF4B-00C04F79EFBC}") = "016_String", "016_String\016_String.csproj", "{F8BEC680-BF2C-4376-A5EE-CFCD236B88EB}"
EndProject
Project("{FAE04EC0-301F-11D3-BF4B-00C04F79EFBC}") = "018_Data_object", "018_Data_object\018_Data_object.csproj", "{47BD5E91-F14F-49E3-B486-FB02562EE08F}"
EndProject
Project("{FAE04EC0-301F-11D3-BF4B-00C04F79EFBC}") = "019_Data_enum", "019_Data_enum\019_Data_enum.csproj", "{407D322A-7DDA-4137-BAD2-AAC7B4B0D782}"
EndProject
Project("{FAE04EC0-301F-11D3-BF4B-00C04F79EFBC}") = "020_Data_enum2", "020_Data_enum2\020_Data_enum2.csproj", "{2A4AE1FB-71F7-4D82-A8A7-090581636DC5}"
EndProject
Project("{FAE04EC0-301F-11D3-BF4B-00C04F79EFBC}") = "021_Data_nullable", "021_Data_nullable\021_Data_nullable.csproj", "{0F0E9437-5811-426D-9D5C-11988826C2AE}"
EndProject
Project("{FAE04EC0-301F-11D3-BF4B-00C04F79EFBC}") = "022_Data_var", "022_Data_var\022_Data_var.csproj", "{244761C0-47BF-4E65-A1FB-B1C1F3FBDB69}"
EndProject
Project("{FAE04EC0-301F-11D3-BF4B-00C04F79EFBC}") = "023_Data_const", "023_Data_const\023_Data_const.csproj", "{6CD42468-623D-4679-835A-A16A6F8DFF9E}"
EndProject
Project("{FAE04EC0-301F-11D3-BF4B-00C04F79EFBC}") = "024_Data_cast", "024_Data_case\024_Data_cast.csproj", "{6AC4659E-012B-4113-8C6A-8E98C5ADB6E3}"
EndProject
Project("{FAE04EC0-301F-11D3-BF4B-00C04F79EFBC}") = "029_Data_boxing", "029_Data_boxing\029_Data_boxing.csproj", "{6C3B7266-2239-4F05-904F-DE85C2B37640}"
EndProject
Project("{FAE04EC0-301F-11D3-BF4B-00C04F79EFBC}") = "032_Check", "032_Check\032_Check.csproj", "{A9263C87-8E2C-4037-B05B-51CB62F174AB}"
EndProject
Project("{FAE04EC0-301F-11D3-BF4B-00C04F79EFBC}") = "033_Check", "033_Check\033_Check.csproj", "{8BE4472A-D144-4A18-A0B5-4B3C272D45C7}"
EndProject
Project("{FAE04EC0-301F-11D3-BF4B-00C04F79EFBC}") = "CheckPoint01", "CheckPoint01\CheckPoint01.csproj", "{10456167-5E51-42B5-9B8F-DB51002CEB33}"
EndProject
Project("{FAE04EC0-301F-11D3-BF4B-00C04F79EFBC}") = "CheckPoint02", "CheckPoint02\CheckPoint02.csproj", "{365061DB-25D9-4578-B360-7C22BCE1DF1E}"
EndProject
Project("{FAE04EC0-301F-11D3-BF4B-00C04F79EFBC}") = "CheckPoint03", "CheckPoint03\CheckPoint03.csproj", "{FA79987C-8D27-427A-9D21-28B8CAC4818C}"
EndProject
Project("{FAE04EC0-301F-11D3-BF4B-00C04F79EFBC}") = "040_Operator_Bit", "040_Operator_Bit\040_Operator_Bit.csproj", "{96E665F6-E6C1-437E-AD9B-BBB6251A23C9}"
EndProject
Project("{FAE04EC0-301F-11D3-BF4B-00C04F79EFBC}") = "IAE_LAB_0118_1", "0118_IAE_LAB\IAE_LAB_0118_1.csproj", "{97274C2D-5C1D-433D-AD87-537B5AB77E0A}"
EndProject
Project("{FAE04EC0-301F-11D3-BF4B-00C04F79EFBC}") = "IAE_LAB_0118_2", "IAE_LAB\IAE_LAB_0118_2.csproj", "{1C168032-23C5-46BB-96C6-64056710D757}"
EndProject
Project("{FAE04EC0-301F-11D3-BF4B-00C04F79EFBC}") = "IAE_LAB_0118_3", "IAE_LAB_0118_3\IAE_LAB_0118_3.csproj", "{C858CE35-9239-4A63-8BF8-43DEE9D4421B}"
EndProject
Global
	GlobalSection(SolutionConfigurationPlatforms) = preSolution
		Debug|Any CPU = Debug|Any CPU
		Release|Any CPU = Release|Any CPU
	EndGlobalSection
	GlobalSection(ProjectConfigurationPlatforms) = postSolution
		{E90BF536-0066-4FE7-9583-8029EFEEFB2A}.Debug|Any CPU.ActiveCfg = Debug|Any CPU
		{E90BF536-0066-4FE7-9583-8029EFEEFB2A}.Debug|Any CPU.Build.0 = Debug|Any CPU
		{E90BF536-0066-4FE7-9583-8029EFEEFB2A}.Release|Any CPU.ActiveCfg = Release|Any CPU
		{E90BF536-0066-4FE7-9583-8029EFEEFB2A}.Release|Any CPU.Build.0 = Release|Any CPU
		{F3836B46-753D-4843-9B64-51F44F4F2AEB}.Debug|Any CPU.ActiveCfg = Debug|Any CPU
		{F3836B46-753D-4843-9B64-51F44F4F2AEB}.Debug|Any CPU.Build.0 = Debug|Any CPU
		{F3836B46-753D-4843-9B64-51F44F4F2AEB}.Release|Any CPU.ActiveCfg = Release|Any CPU
		{F3836B46-753D-4843-9B64-51F44F4F2AEB}.Release|Any CPU.Build.0 = Release|Any CPU
		{89B08AE1-84F9-429A-859F-196E76C0584B}.Debug|Any CPU.ActiveCfg = Debug|Any CPU
		{89B08AE1-84F9-429A-859F-196E76C0584B}.Debug|Any CPU.Build.0 = Debug|Any CPU
		{89B08AE1-84F9-429A-859F-196E76C0584B}.Release|Any CPU.ActiveCfg = Release|Any CPU
		{89B08AE1-84F9-429A-859F-196E76C0584B}.Release|Any CPU.Build.0 = Release|Any CPU
		{4B03AE1B-51D3-40DD-A77B-9F985B644BB3}.Debug|Any CPU.ActiveCfg = Debug|Any CPU
		{4B03AE1B-51D3-40DD-A77B-9F985B644BB3}.Debug|Any CPU.Build.0 = Debug|Any CPU
		{4B03AE1B-51D3-40DD-A77B-9F985B644BB3}.Release|Any CPU.ActiveCfg = Release|Any CPU
		{4B03AE1B-51D3-40DD-A77B-9F985B644BB3}.Release|Any CPU.Build.0 = Release|Any CPU
		{8C63BA4F-FF65-4741-BB14-EA1FC088AD83}.Debug|Any CPU.ActiveCfg = Debug|Any CPU
		{8C63BA4F-FF65-4741-BB14-EA1FC088AD83}.Debug|Any CPU.Build.0 = Debug|Any CPU
		{8C63BA4F-FF65-4741-BB14-EA1FC088AD83}.Release|Any CPU.ActiveCfg = Release|Any CPU
		{8C63BA4F-FF65-4741-BB14-EA1FC088AD83}.Release|Any CPU.Build.0 = Release|Any CPU
		{760C2E21-140B-4D9A-992F-0F40AFCC5285}.Debug|Any CPU.ActiveCfg = Debug|Any CPU
		{760C2E21-140B-4D9A-992F-0F40AFCC5285}.Debug|Any CPU.Build.0 = Debug|Any CPU
		{760C2E21-140B-4D9A-992F-0F40AFCC5285}.Release|Any CPU.ActiveCfg = Release|Any CPU
		{760C2E21-140B-4D9A-992F-0F40AFCC5285}.Release|Any CPU.Build.0 = Release|Any CPU
		{1D8DC64E-7F5F-495E-9660-116A3D81343C}.Debug|Any CPU.ActiveCfg = Debug|Any CPU
		{1D8DC64E-7F5F-495E-9660-116A3D81343C}.Debug|Any CPU.Build.0 = Debug|Any CPU
		{1D8DC64E-7F5F-495E-9660-116A3D81343C}.Release|Any CPU.ActiveCfg = Release|Any CPU
		{1D8DC64E-7F5F-495E-9660-116A3D81343C}.Release|Any CPU.Build.0 = Release|Any CPU
		{1342D9BA-E1EC-4E18-905F-66235F034495}.Debug|Any CPU.ActiveCfg = Debug|Any CPU
		{1342D9BA-E1EC-4E18-905F-66235F034495}.Debug|Any CPU.Build.0 = Debug|Any CPU
		{1342D9BA-E1EC-4E18-905F-66235F034495}.Release|Any CPU.ActiveCfg = Release|Any CPU
		{1342D9BA-E1EC-4E18-905F-66235F034495}.Release|Any CPU.Build.0 = Release|Any CPU
		{D3B6F36C-52DE-42A9-8C9B-A833D829DC2C}.Debug|Any CPU.ActiveCfg = Debug|Any CPU
		{D3B6F36C-52DE-42A9-8C9B-A833D829DC2C}.Debug|Any CPU.Build.0 = Debug|Any CPU
		{D3B6F36C-52DE-42A9-8C9B-A833D829DC2C}.Release|Any CPU.ActiveCfg = Release|Any CPU
		{D3B6F36C-52DE-42A9-8C9B-A833D829DC2C}.Release|Any CPU.Build.0 = Release|Any CPU
		{E8C619F8-A7E1-4E72-968E-7A15419E4AA8}.Debug|Any CPU.ActiveCfg = Debug|Any CPU
		{E8C619F8-A7E1-4E72-968E-7A15419E4AA8}.Debug|Any CPU.Build.0 = Debug|Any CPU
		{E8C619F8-A7E1-4E72-968E-7A15419E4AA8}.Release|Any CPU.ActiveCfg = Release|Any CPU
		{E8C619F8-A7E1-4E72-968E-7A15419E4AA8}.Release|Any CPU.Build.0 = Release|Any CPU
		{50331245-B0A0-492D-B500-2BF8C0BC74A4}.Debug|Any CPU.ActiveCfg = Debug|Any CPU
		{50331245-B0A0-492D-B500-2BF8C0BC74A4}.Debug|Any CPU.Build.0 = Debug|Any CPU
		{50331245-B0A0-492D-B500-2BF8C0BC74A4}.Release|Any CPU.ActiveCfg = Release|Any CPU
		{50331245-B0A0-492D-B500-2BF8C0BC74A4}.Release|Any CPU.Build.0 = Release|Any CPU
		{F8BEC680-BF2C-4376-A5EE-CFCD236B88EB}.Debug|Any CPU.ActiveCfg = Debug|Any CPU
		{F8BEC680-BF2C-4376-A5EE-CFCD236B88EB}.Debug|Any CPU.Build.0 = Debug|Any CPU
		{F8BEC680-BF2C-4376-A5EE-CFCD236B88EB}.Release|Any CPU.ActiveCfg = Release|Any CPU
		{F8BEC680-BF2C-4376-A5EE-CFCD236B88EB}.Release|Any CPU.Build.0 = Release|Any CPU
		{47BD5E91-F14F-49E3-B486-FB02562EE08F}.Debug|Any CPU.ActiveCfg = Debug|Any CPU
		{47BD5E91-F14F-49E3-B486-FB02562EE08F}.Debug|Any CPU.Build.0 = Debug|Any CPU
		{47BD5E91-F14F-49E3-B486-FB02562EE08F}.Release|Any CPU.ActiveCfg = Release|Any CPU
		{47BD5E91-F14F-49E3-B486-FB02562EE08F}.Release|Any CPU.Build.0 = Release|Any CPU
		{407D322A-7DDA-4137-BAD2-AAC7B4B0D782}.Debug|Any CPU.ActiveCfg = Debug|Any CPU
		{407D322A-7DDA-4137-BAD2-AAC7B4B0D782}.Debug|Any CPU.Build.0 = Debug|Any CPU
		{407D322A-7DDA-4137-BAD2-AAC7B4B0D782}.Release|Any CPU.ActiveCfg = Release|Any CPU
		{407D322A-7DDA-4137-BAD2-AAC7B4B0D782}.Release|Any CPU.Build.0 = Release|Any CPU
		{2A4AE1FB-71F7-4D82-A8A7-090581636DC5}.Debug|Any CPU.ActiveCfg = Debug|Any CPU
		{2A4AE1FB-71F7-4D82-A8A7-090581636DC5}.Debug|Any CPU.Build.0 = Debug|Any CPU
		{2A4AE1FB-71F7-4D82-A8A7-090581636DC5}.Release|Any CPU.ActiveCfg = Release|Any CPU
		{2A4AE1FB-71F7-4D82-A8A7-090581636DC5}.Release|Any CPU.Build.0 = Release|Any CPU
		{0F0E9437-5811-426D-9D5C-11988826C2AE}.Debug|Any CPU.ActiveCfg = Debug|Any CPU
		{0F0E9437-5811-426D-9D5C-11988826C2AE}.Debug|Any CPU.Build.0 = Debug|Any CPU
		{0F0E9437-5811-426D-9D5C-11988826C2AE}.Release|Any CPU.ActiveCfg = Release|Any CPU
		{0F0E9437-5811-426D-9D5C-11988826C2AE}.Release|Any CPU.Build.0 = Release|Any CPU
		{244761C0-47BF-4E65-A1FB-B1C1F3FBDB69}.Debug|Any CPU.ActiveCfg = Debug|Any CPU
		{244761C0-47BF-4E65-A1FB-B1C1F3FBDB69}.Debug|Any CPU.Build.0 = Debug|Any CPU
		{244761C0-47BF-4E65-A1FB-B1C1F3FBDB69}.Release|Any CPU.ActiveCfg = Release|Any CPU
		{244761C0-47BF-4E65-A1FB-B1C1F3FBDB69}.Release|Any CPU.Build.0 = Release|Any CPU
		{6CD42468-623D-4679-835A-A16A6F8DFF9E}.Debug|Any CPU.ActiveCfg = Debug|Any CPU
		{6CD42468-623D-4679-835A-A16A6F8DFF9E}.Debug|Any CPU.Build.0 = Debug|Any CPU
		{6CD42468-623D-4679-835A-A16A6F8DFF9E}.Release|Any CPU.ActiveCfg = Release|Any CPU
		{6CD42468-623D-4679-835A-A16A6F8DFF9E}.Release|Any CPU.Build.0 = Release|Any CPU
		{6AC4659E-012B-4113-8C6A-8E98C5ADB6E3}.Debug|Any CPU.ActiveCfg = Debug|Any CPU
		{6AC4659E-012B-4113-8C6A-8E98C5ADB6E3}.Debug|Any CPU.Build.0 = Debug|Any CPU
		{6AC4659E-012B-4113-8C6A-8E98C5ADB6E3}.Release|Any CPU.ActiveCfg = Release|Any CPU
		{6AC4659E-012B-4113-8C6A-8E98C5ADB6E3}.Release|Any CPU.Build.0 = Release|Any CPU
		{6C3B7266-2239-4F05-904F-DE85C2B37640}.Debug|Any CPU.ActiveCfg = Debug|Any CPU
		{6C3B7266-2239-4F05-904F-DE85C2B37640}.Debug|Any CPU.Build.0 = Debug|Any CPU
		{6C3B7266-2239-4F05-904F-DE85C2B37640}.Release|Any CPU.ActiveCfg = Release|Any CPU
		{6C3B7266-2239-4F05-904F-DE85C2B37640}.Release|Any CPU.Build.0 = Release|Any CPU
		{A9263C87-8E2C-4037-B05B-51CB62F174AB}.Debug|Any CPU.ActiveCfg = Debug|Any CPU
		{A9263C87-8E2C-4037-B05B-51CB62F174AB}.Debug|Any CPU.Build.0 = Debug|Any CPU
		{A9263C87-8E2C-4037-B05B-51CB62F174AB}.Release|Any CPU.ActiveCfg = Release|Any CPU
		{A9263C87-8E2C-4037-B05B-51CB62F174AB}.Release|Any CPU.Build.0 = Release|Any CPU
		{8BE4472A-D144-4A18-A0B5-4B3C272D45C7}.Debug|Any CPU.ActiveCfg = Debug|Any CPU
		{8BE4472A-D144-4A18-A0B5-4B3C272D45C7}.Debug|Any CPU.Build.0 = Debug|Any CPU
		{8BE4472A-D144-4A18-A0B5-4B3C272D45C7}.Release|Any CPU.ActiveCfg = Release|Any CPU
		{8BE4472A-D144-4A18-A0B5-4B3C272D45C7}.Release|Any CPU.Build.0 = Release|Any CPU
		{10456167-5E51-42B5-9B8F-DB51002CEB33}.Debug|Any CPU.ActiveCfg = Debug|Any CPU
		{10456167-5E51-42B5-9B8F-DB51002CEB33}.Debug|Any CPU.Build.0 = Debug|Any CPU
		{10456167-5E51-42B5-9B8F-DB51002CEB33}.Release|Any CPU.ActiveCfg = Release|Any CPU
		{10456167-5E51-42B5-9B8F-DB51002CEB33}.Release|Any CPU.Build.0 = Release|Any CPU
		{365061DB-25D9-4578-B360-7C22BCE1DF1E}.Debug|Any CPU.ActiveCfg = Debug|Any CPU
		{365061DB-25D9-4578-B360-7C22BCE1DF1E}.Debug|Any CPU.Build.0 = Debug|Any CPU
		{365061DB-25D9-4578-B360-7C22BCE1DF1E}.Release|Any CPU.ActiveCfg = Release|Any CPU
		{365061DB-25D9-4578-B360-7C22BCE1DF1E}.Release|Any CPU.Build.0 = Release|Any CPU
		{FA79987C-8D27-427A-9D21-28B8CAC4818C}.Debug|Any CPU.ActiveCfg = Debug|Any CPU
		{FA79987C-8D27-427A-9D21-28B8CAC4818C}.Debug|Any CPU.Build.0 = Debug|Any CPU
		{FA79987C-8D27-427A-9D21-28B8CAC4818C}.Release|Any CPU.ActiveCfg = Release|Any CPU
		{FA79987C-8D27-427A-9D21-28B8CAC4818C}.Release|Any CPU.Build.0 = Release|Any CPU
		{96E665F6-E6C1-437E-AD9B-BBB6251A23C9}.Debug|Any CPU.ActiveCfg = Debug|Any CPU
		{96E665F6-E6C1-437E-AD9B-BBB6251A23C9}.Debug|Any CPU.Build.0 = Debug|Any CPU
		{96E665F6-E6C1-437E-AD9B-BBB6251A23C9}.Release|Any CPU.ActiveCfg = Release|Any CPU
		{96E665F6-E6C1-437E-AD9B-BBB6251A23C9}.Release|Any CPU.Build.0 = Release|Any CPU
		{97274C2D-5C1D-433D-AD87-537B5AB77E0A}.Debug|Any CPU.ActiveCfg = Debug|Any CPU
		{97274C2D-5C1D-433D-AD87-537B5AB77E0A}.Debug|Any CPU.Build.0 = Debug|Any CPU
		{97274C2D-5C1D-433D-AD87-537B5AB77E0A}.Release|Any CPU.ActiveCfg = Release|Any CPU
		{97274C2D-5C1D-433D-AD87-537B5AB77E0A}.Release|Any CPU.Build.0 = Release|Any CPU
		{1C168032-23C5-46BB-96C6-64056710D757}.Debug|Any CPU.ActiveCfg = Debug|Any CPU
		{1C168032-23C5-46BB-96C6-64056710D757}.Debug|Any CPU.Build.0 = Debug|Any CPU
		{1C168032-23C5-46BB-96C6-64056710D757}.Release|Any CPU.ActiveCfg = Release|Any CPU
		{1C168032-23C5-46BB-96C6-64056710D757}.Release|Any CPU.Build.0 = Release|Any CPU
		{C858CE35-9239-4A63-8BF8-43DEE9D4421B}.Debug|Any CPU.ActiveCfg = Debug|Any CPU
		{C858CE35-9239-4A63-8BF8-43DEE9D4421B}.Debug|Any CPU.Build.0 = Debug|Any CPU
		{C858CE35-9239-4A63-8BF8-43DEE9D4421B}.Release|Any CPU.ActiveCfg = Release|Any CPU
		{C858CE35-9239-4A63-8BF8-43DEE9D4421B}.Release|Any CPU.Build.0 = Release|Any CPU
	EndGlobalSection
	GlobalSection(SolutionProperties) = preSolution
		HideSolutionNode = FALSE
	EndGlobalSection
	GlobalSection(ExtensibilityGlobals) = postSolution
		SolutionGuid = {DA8C1779-7BF5-4E7A-882C-51B54735AC4F}
	EndGlobalSection
EndGlobal
